// !$*UTF8*$!
{
	archiveVersion = 1;
	classes = {
	};
	objectVersion = 56;
	objects = {

/* Begin PBXBuildFile section */
		5657695E2C42F24A001AC05C /* LightDocument.xib in Resources */ = {isa = PBXBuildFile; fileRef = 5657695D2C42F24A001AC05C /* LightDocument.xib */; };
		565769602C42F25A001AC05C /* LightController.swift in Sources */ = {isa = PBXBuildFile; fileRef = 5657695F2C42F25A001AC05C /* LightController.swift */; };
		565769622C42F40C001AC05C /* GeneralError.swift in Sources */ = {isa = PBXBuildFile; fileRef = 565769612C42F40C001AC05C /* GeneralError.swift */; };
		565769642C42F458001AC05C /* Globals.swift in Sources */ = {isa = PBXBuildFile; fileRef = 565769632C42F458001AC05C /* Globals.swift */; };
		56B1C4D82C42ED74007C6ECB /* AppDelegate.swift in Sources */ = {isa = PBXBuildFile; fileRef = 56B1C4D72C42ED74007C6ECB /* AppDelegate.swift */; };
		56B1C4DA2C42ED74007C6ECB /* LightDocument.swift in Sources */ = {isa = PBXBuildFile; fileRef = 56B1C4D92C42ED74007C6ECB /* LightDocument.swift */; };
		56B1C4DF2C42ED75007C6ECB /* Assets.xcassets in Resources */ = {isa = PBXBuildFile; fileRef = 56B1C4DE2C42ED75007C6ECB /* Assets.xcassets */; };
		56B1C4E22C42ED75007C6ECB /* Base in Resources */ = {isa = PBXBuildFile; fileRef = 56B1C4E12C42ED75007C6ECB /* Base */; };
		56B1C4F62C42ED8D007C6ECB /* CGColor+extensions.swift in Sources */ = {isa = PBXBuildFile; fileRef = 56B1C4EA2C42ED8D007C6ECB /* CGColor+extensions.swift */; };
		56B1C4F72C42ED8D007C6ECB /* CGPoint+extensions.swift in Sources */ = {isa = PBXBuildFile; fileRef = 56B1C4EB2C42ED8D007C6ECB /* CGPoint+extensions.swift */; };
		56B1C4F82C42ED8D007C6ECB /* CGSize+extensions.swift in Sources */ = {isa = PBXBuildFile; fileRef = 56B1C4EC2C42ED8D007C6ECB /* CGSize+extensions.swift */; };
		56B1C4F92C42ED8D007C6ECB /* ContiguousBytes+extensions.swift in Sources */ = {isa = PBXBuildFile; fileRef = 56B1C4ED2C42ED8D007C6ECB /* ContiguousBytes+extensions.swift */; };
		56B1C4FA2C42ED8D007C6ECB /* Data+extensions.swift in Sources */ = {isa = PBXBuildFile; fileRef = 56B1C4EE2C42ED8D007C6ECB /* Data+extensions.swift */; };
		56B1C4FB2C42ED8D007C6ECB /* FloatDoubleInt+extensions.swift in Sources */ = {isa = PBXBuildFile; fileRef = 56B1C4EF2C42ED8D007C6ECB /* FloatDoubleInt+extensions.swift */; };
		56B1C4FC2C42ED8D007C6ECB /* NSColor+extensions.swift in Sources */ = {isa = PBXBuildFile; fileRef = 56B1C4F02C42ED8D007C6ECB /* NSColor+extensions.swift */; };
		56B1C4FD2C42ED8D007C6ECB /* Number+extensions.swift in Sources */ = {isa = PBXBuildFile; fileRef = 56B1C4F12C42ED8D007C6ECB /* Number+extensions.swift */; };
		56B1C4FE2C42ED8D007C6ECB /* URL+extensions.swift in Sources */ = {isa = PBXBuildFile; fileRef = 56B1C4F22C42ED8D007C6ECB /* URL+extensions.swift */; };
		56B1C4FF2C42ED8D007C6ECB /* ScrollView+extensions.swift in Sources */ = {isa = PBXBuildFile; fileRef = 56B1C4F42C42ED8D007C6ECB /* ScrollView+extensions.swift */; };
		56B1C5022C42EDBB007C6ECB /* LightFile.swift in Sources */ = {isa = PBXBuildFile; fileRef = 56B1C5012C42EDBB007C6ECB /* LightFile.swift */; };
		56B1C5042C42EDC1007C6ECB /* Utilities.swift in Sources */ = {isa = PBXBuildFile; fileRef = 56B1C5032C42EDC1007C6ECB /* Utilities.swift */; };
/* End PBXBuildFile section */

/* Begin PBXFileReference section */
		5657695D2C42F24A001AC05C /* LightDocument.xib */ = {isa = PBXFileReference; lastKnownFileType = file.xib; path = LightDocument.xib; sourceTree = "<group>"; };
		5657695F2C42F25A001AC05C /* LightController.swift */ = {isa = PBXFileReference; lastKnownFileType = sourcecode.swift; path = LightController.swift; sourceTree = "<group>"; };
		565769612C42F40C001AC05C /* GeneralError.swift */ = {isa = PBXFileReference; fileEncoding = 4; lastKnownFileType = sourcecode.swift; path = GeneralError.swift; sourceTree = "<group>"; };
		565769632C42F458001AC05C /* Globals.swift */ = {isa = PBXFileReference; fileEncoding = 4; lastKnownFileType = sourcecode.swift; path = Globals.swift; sourceTree = "<group>"; };
		56B1C4D42C42ED74007C6ECB /* FrameView.app */ = {isa = PBXFileReference; explicitFileType = wrapper.application; includeInIndex = 0; path = FrameView.app; sourceTree = BUILT_PRODUCTS_DIR; };
		56B1C4D72C42ED74007C6ECB /* AppDelegate.swift */ = {isa = PBXFileReference; lastKnownFileType = sourcecode.swift; path = AppDelegate.swift; sourceTree = "<group>"; };
		56B1C4D92C42ED74007C6ECB /* LightDocument.swift */ = {isa = PBXFileReference; lastKnownFileType = sourcecode.swift; path = LightDocument.swift; sourceTree = "<group>"; };
		56B1C4DE2C42ED75007C6ECB /* Assets.xcassets */ = {isa = PBXFileReference; lastKnownFileType = folder.assetcatalog; path = Assets.xcassets; sourceTree = "<group>"; };
		56B1C4E12C42ED75007C6ECB /* Base */ = {isa = PBXFileReference; lastKnownFileType = file.xib; name = Base; path = Base.lproj/MainMenu.xib; sourceTree = "<group>"; };
		56B1C4E32C42ED75007C6ECB /* Info.plist */ = {isa = PBXFileReference; lastKnownFileType = text.plist.xml; path = Info.plist; sourceTree = "<group>"; };
		56B1C4E42C42ED75007C6ECB /* FrameView.entitlements */ = {isa = PBXFileReference; lastKnownFileType = text.plist.entitlements; path = FrameView.entitlements; sourceTree = "<group>"; };
		56B1C4EA2C42ED8D007C6ECB /* CGColor+extensions.swift */ = {isa = PBXFileReference; fileEncoding = 4; lastKnownFileType = sourcecode.swift; path = "CGColor+extensions.swift"; sourceTree = "<group>"; };
		56B1C4EB2C42ED8D007C6ECB /* CGPoint+extensions.swift */ = {isa = PBXFileReference; fileEncoding = 4; lastKnownFileType = sourcecode.swift; path = "CGPoint+extensions.swift"; sourceTree = "<group>"; };
		56B1C4EC2C42ED8D007C6ECB /* CGSize+extensions.swift */ = {isa = PBXFileReference; fileEncoding = 4; lastKnownFileType = sourcecode.swift; path = "CGSize+extensions.swift"; sourceTree = "<group>"; };
		56B1C4ED2C42ED8D007C6ECB /* ContiguousBytes+extensions.swift */ = {isa = PBXFileReference; fileEncoding = 4; lastKnownFileType = sourcecode.swift; path = "ContiguousBytes+extensions.swift"; sourceTree = "<group>"; };
		56B1C4EE2C42ED8D007C6ECB /* Data+extensions.swift */ = {isa = PBXFileReference; fileEncoding = 4; lastKnownFileType = sourcecode.swift; path = "Data+extensions.swift"; sourceTree = "<group>"; };
		56B1C4EF2C42ED8D007C6ECB /* FloatDoubleInt+extensions.swift */ = {isa = PBXFileReference; fileEncoding = 4; lastKnownFileType = sourcecode.swift; path = "FloatDoubleInt+extensions.swift"; sourceTree = "<group>"; };
		56B1C4F02C42ED8D007C6ECB /* NSColor+extensions.swift */ = {isa = PBXFileReference; fileEncoding = 4; lastKnownFileType = sourcecode.swift; path = "NSColor+extensions.swift"; sourceTree = "<group>"; };
		56B1C4F12C42ED8D007C6ECB /* Number+extensions.swift */ = {isa = PBXFileReference; fileEncoding = 4; lastKnownFileType = sourcecode.swift; path = "Number+extensions.swift"; sourceTree = "<group>"; };
		56B1C4F22C42ED8D007C6ECB /* URL+extensions.swift */ = {isa = PBXFileReference; fileEncoding = 4; lastKnownFileType = sourcecode.swift; path = "URL+extensions.swift"; sourceTree = "<group>"; };
		56B1C4F42C42ED8D007C6ECB /* ScrollView+extensions.swift */ = {isa = PBXFileReference; fileEncoding = 4; lastKnownFileType = sourcecode.swift; path = "ScrollView+extensions.swift"; sourceTree = "<group>"; };
		56B1C5012C42EDBB007C6ECB /* LightFile.swift */ = {isa = PBXFileReference; fileEncoding = 4; lastKnownFileType = sourcecode.swift; path = LightFile.swift; sourceTree = "<group>"; };
		56B1C5032C42EDC1007C6ECB /* Utilities.swift */ = {isa = PBXFileReference; fileEncoding = 4; lastKnownFileType = sourcecode.swift; path = Utilities.swift; sourceTree = "<group>"; };
/* End PBXFileReference section */

/* Begin PBXFrameworksBuildPhase section */
		56B1C4D12C42ED74007C6ECB /* Frameworks */ = {
			isa = PBXFrameworksBuildPhase;
			buildActionMask = 2147483647;
			files = (
			);
			runOnlyForDeploymentPostprocessing = 0;
		};
/* End PBXFrameworksBuildPhase section */

/* Begin PBXGroup section */
		56B1C4CB2C42ED74007C6ECB = {
			isa = PBXGroup;
			children = (
				56B1C4D62C42ED74007C6ECB /* FrameView */,
				56B1C4D52C42ED74007C6ECB /* Products */,
			);
			sourceTree = "<group>";
		};
		56B1C4D52C42ED74007C6ECB /* Products */ = {
			isa = PBXGroup;
			children = (
				56B1C4D42C42ED74007C6ECB /* FrameView.app */,
			);
			name = Products;
			sourceTree = "<group>";
		};
		56B1C4D62C42ED74007C6ECB /* FrameView */ = {
			isa = PBXGroup;
			children = (
				56B1C5002C42ED9D007C6ECB /* Types */,
				56B1C4F52C42ED8D007C6ECB /* Extensions */,
				56B1C4D72C42ED74007C6ECB /* AppDelegate.swift */,
				56B1C4D92C42ED74007C6ECB /* LightDocument.swift */,
				5657695F2C42F25A001AC05C /* LightController.swift */,
				5657695D2C42F24A001AC05C /* LightDocument.xib */,
				56B1C4DE2C42ED75007C6ECB /* Assets.xcassets */,
				56B1C4E02C42ED75007C6ECB /* MainMenu.xib */,
				56B1C4E32C42ED75007C6ECB /* Info.plist */,
				56B1C4E42C42ED75007C6ECB /* FrameView.entitlements */,
			);
			path = FrameView;
			sourceTree = "<group>";
		};
		56B1C4F32C42ED8D007C6ECB /* Common */ = {
			isa = PBXGroup;
			children = (
				56B1C4EA2C42ED8D007C6ECB /* CGColor+extensions.swift */,
				56B1C4EB2C42ED8D007C6ECB /* CGPoint+extensions.swift */,
				56B1C4EC2C42ED8D007C6ECB /* CGSize+extensions.swift */,
				56B1C4ED2C42ED8D007C6ECB /* ContiguousBytes+extensions.swift */,
				56B1C4EE2C42ED8D007C6ECB /* Data+extensions.swift */,
				56B1C4EF2C42ED8D007C6ECB /* FloatDoubleInt+extensions.swift */,
				56B1C4F02C42ED8D007C6ECB /* NSColor+extensions.swift */,
				56B1C4F12C42ED8D007C6ECB /* Number+extensions.swift */,
				56B1C4F22C42ED8D007C6ECB /* URL+extensions.swift */,
			);
			path = Common;
			sourceTree = "<group>";
		};
		56B1C4F52C42ED8D007C6ECB /* Extensions */ = {
			isa = PBXGroup;
			children = (
				56B1C4F32C42ED8D007C6ECB /* Common */,
				56B1C4F42C42ED8D007C6ECB /* ScrollView+extensions.swift */,
			);
			path = Extensions;
			sourceTree = "<group>";
		};
		56B1C5002C42ED9D007C6ECB /* Types */ = {
			isa = PBXGroup;
			children = (
				565769632C42F458001AC05C /* Globals.swift */,
				565769612C42F40C001AC05C /* GeneralError.swift */,
				56B1C5032C42EDC1007C6ECB /* Utilities.swift */,
				56B1C5012C42EDBB007C6ECB /* LightFile.swift */,
			);
			path = Types;
			sourceTree = "<group>";
		};
/* End PBXGroup section */

/* Begin PBXNativeTarget section */
		56B1C4D32C42ED74007C6ECB /* FrameView */ = {
			isa = PBXNativeTarget;
			buildConfigurationList = 56B1C4E72C42ED75007C6ECB /* Build configuration list for PBXNativeTarget "FrameView" */;
			buildPhases = (
				56B1C4D02C42ED74007C6ECB /* Sources */,
				56B1C4D12C42ED74007C6ECB /* Frameworks */,
				56B1C4D22C42ED74007C6ECB /* Resources */,
			);
			buildRules = (
			);
			dependencies = (
			);
			name = FrameView;
			productName = FrameView;
			productReference = 56B1C4D42C42ED74007C6ECB /* FrameView.app */;
			productType = "com.apple.product-type.application";
		};
/* End PBXNativeTarget section */

/* Begin PBXProject section */
		56B1C4CC2C42ED74007C6ECB /* Project object */ = {
			isa = PBXProject;
			attributes = {
				BuildIndependentTargetsInParallel = 1;
				LastSwiftUpdateCheck = 1540;
				LastUpgradeCheck = 1540;
				ORGANIZATIONNAME = "Charles Kerr";
				TargetAttributes = {
					56B1C4D32C42ED74007C6ECB = {
						CreatedOnToolsVersion = 15.4;
					};
				};
			};
			buildConfigurationList = 56B1C4CF2C42ED74007C6ECB /* Build configuration list for PBXProject "FrameView" */;
			compatibilityVersion = "Xcode 14.0";
			developmentRegion = en;
			hasScannedForEncodings = 0;
			knownRegions = (
				en,
				Base,
			);
			mainGroup = 56B1C4CB2C42ED74007C6ECB;
			productRefGroup = 56B1C4D52C42ED74007C6ECB /* Products */;
			projectDirPath = "";
			projectRoot = "";
			targets = (
				56B1C4D32C42ED74007C6ECB /* FrameView */,
			);
		};
/* End PBXProject section */

/* Begin PBXResourcesBuildPhase section */
		56B1C4D22C42ED74007C6ECB /* Resources */ = {
			isa = PBXResourcesBuildPhase;
			buildActionMask = 2147483647;
			files = (
				5657695E2C42F24A001AC05C /* LightDocument.xib in Resources */,
				56B1C4DF2C42ED75007C6ECB /* Assets.xcassets in Resources */,
				56B1C4E22C42ED75007C6ECB /* Base in Resources */,
			);
			runOnlyForDeploymentPostprocessing = 0;
		};
/* End PBXResourcesBuildPhase section */

/* Begin PBXSourcesBuildPhase section */
		56B1C4D02C42ED74007C6ECB /* Sources */ = {
			isa = PBXSourcesBuildPhase;
			buildActionMask = 2147483647;
			files = (
				56B1C4F92C42ED8D007C6ECB /* ContiguousBytes+extensions.swift in Sources */,
				565769602C42F25A001AC05C /* LightController.swift in Sources */,
				56B1C4FB2C42ED8D007C6ECB /* FloatDoubleInt+extensions.swift in Sources */,
				56B1C5042C42EDC1007C6ECB /* Utilities.swift in Sources */,
				565769642C42F458001AC05C /* Globals.swift in Sources */,
				56B1C4FA2C42ED8D007C6ECB /* Data+extensions.swift in Sources */,
				565769622C42F40C001AC05C /* GeneralError.swift in Sources */,
				56B1C4DA2C42ED74007C6ECB /* LightDocument.swift in Sources */,
				56B1C4F82C42ED8D007C6ECB /* CGSize+extensions.swift in Sources */,
				56B1C4FE2C42ED8D007C6ECB /* URL+extensions.swift in Sources */,
				56B1C5022C42EDBB007C6ECB /* LightFile.swift in Sources */,
				56B1C4F62C42ED8D007C6ECB /* CGColor+extensions.swift in Sources */,
				56B1C4FF2C42ED8D007C6ECB /* ScrollView+extensions.swift in Sources */,
				56B1C4FD2C42ED8D007C6ECB /* Number+extensions.swift in Sources */,
				56B1C4F72C42ED8D007C6ECB /* CGPoint+extensions.swift in Sources */,
				56B1C4FC2C42ED8D007C6ECB /* NSColor+extensions.swift in Sources */,
				56B1C4D82C42ED74007C6ECB /* AppDelegate.swift in Sources */,
			);
			runOnlyForDeploymentPostprocessing = 0;
		};
/* End PBXSourcesBuildPhase section */

/* Begin PBXVariantGroup section */
		56B1C4E02C42ED75007C6ECB /* MainMenu.xib */ = {
			isa = PBXVariantGroup;
			children = (
				56B1C4E12C42ED75007C6ECB /* Base */,
			);
			name = MainMenu.xib;
			sourceTree = "<group>";
		};
/* End PBXVariantGroup section */

/* Begin XCBuildConfiguration section */
		56B1C4E52C42ED75007C6ECB /* Debug */ = {
			isa = XCBuildConfiguration;
			buildSettings = {
				ALWAYS_SEARCH_USER_PATHS = NO;
				ASSETCATALOG_COMPILER_GENERATE_SWIFT_ASSET_SYMBOL_EXTENSIONS = YES;
				CLANG_ANALYZER_NONNULL = YES;
				CLANG_ANALYZER_NUMBER_OBJECT_CONVERSION = YES_AGGRESSIVE;
				CLANG_CXX_LANGUAGE_STANDARD = "gnu++20";
				CLANG_ENABLE_MODULES = YES;
				CLANG_ENABLE_OBJC_ARC = YES;
				CLANG_ENABLE_OBJC_WEAK = YES;
				CLANG_WARN_BLOCK_CAPTURE_AUTORELEASING = YES;
				CLANG_WARN_BOOL_CONVERSION = YES;
				CLANG_WARN_COMMA = YES;
				CLANG_WARN_CONSTANT_CONVERSION = YES;
				CLANG_WARN_DEPRECATED_OBJC_IMPLEMENTATIONS = YES;
				CLANG_WARN_DIRECT_OBJC_ISA_USAGE = YES_ERROR;
				CLANG_WARN_DOCUMENTATION_COMMENTS = YES;
				CLANG_WARN_EMPTY_BODY = YES;
				CLANG_WARN_ENUM_CONVERSION = YES;
				CLANG_WARN_INFINITE_RECURSION = YES;
				CLANG_WARN_INT_CONVERSION = YES;
				CLANG_WARN_NON_LITERAL_NULL_CONVERSION = YES;
				CLANG_WARN_OBJC_IMPLICIT_RETAIN_SELF = YES;
				CLANG_WARN_OBJC_LITERAL_CONVERSION = YES;
				CLANG_WARN_OBJC_ROOT_CLASS = YES_ERROR;
				CLANG_WARN_QUOTED_INCLUDE_IN_FRAMEWORK_HEADER = YES;
				CLANG_WARN_RANGE_LOOP_ANALYSIS = YES;
				CLANG_WARN_STRICT_PROTOTYPES = YES;
				CLANG_WARN_SUSPICIOUS_MOVE = YES;
				CLANG_WARN_UNGUARDED_AVAILABILITY = YES_AGGRESSIVE;
				CLANG_WARN_UNREACHABLE_CODE = YES;
				CLANG_WARN__DUPLICATE_METHOD_MATCH = YES;
				COPY_PHASE_STRIP = NO;
				DEBUG_INFORMATION_FORMAT = dwarf;
				ENABLE_STRICT_OBJC_MSGSEND = YES;
				ENABLE_TESTABILITY = YES;
				ENABLE_USER_SCRIPT_SANDBOXING = YES;
				GCC_C_LANGUAGE_STANDARD = gnu17;
				GCC_DYNAMIC_NO_PIC = NO;
				GCC_NO_COMMON_BLOCKS = YES;
				GCC_OPTIMIZATION_LEVEL = 0;
				GCC_PREPROCESSOR_DEFINITIONS = (
					"DEBUG=1",
					"$(inherited)",
				);
				GCC_WARN_64_TO_32_BIT_CONVERSION = YES;
				GCC_WARN_ABOUT_RETURN_TYPE = YES_ERROR;
				GCC_WARN_UNDECLARED_SELECTOR = YES;
				GCC_WARN_UNINITIALIZED_AUTOS = YES_AGGRESSIVE;
				GCC_WARN_UNUSED_FUNCTION = YES;
				GCC_WARN_UNUSED_VARIABLE = YES;
				LOCALIZATION_PREFERS_STRING_CATALOGS = YES;
				MACOSX_DEPLOYMENT_TARGET = 14.5;
				MTL_ENABLE_DEBUG_INFO = INCLUDE_SOURCE;
				MTL_FAST_MATH = YES;
				ONLY_ACTIVE_ARCH = YES;
				SDKROOT = macosx;
				SWIFT_ACTIVE_COMPILATION_CONDITIONS = "DEBUG $(inherited)";
				SWIFT_OPTIMIZATION_LEVEL = "-Onone";
			};
			name = Debug;
		};
		56B1C4E62C42ED75007C6ECB /* Release */ = {
			isa = XCBuildConfiguration;
			buildSettings = {
				ALWAYS_SEARCH_USER_PATHS = NO;
				ASSETCATALOG_COMPILER_GENERATE_SWIFT_ASSET_SYMBOL_EXTENSIONS = YES;
				CLANG_ANALYZER_NONNULL = YES;
				CLANG_ANALYZER_NUMBER_OBJECT_CONVERSION = YES_AGGRESSIVE;
				CLANG_CXX_LANGUAGE_STANDARD = "gnu++20";
				CLANG_ENABLE_MODULES = YES;
				CLANG_ENABLE_OBJC_ARC = YES;
				CLANG_ENABLE_OBJC_WEAK = YES;
				CLANG_WARN_BLOCK_CAPTURE_AUTORELEASING = YES;
				CLANG_WARN_BOOL_CONVERSION = YES;
				CLANG_WARN_COMMA = YES;
				CLANG_WARN_CONSTANT_CONVERSION = YES;
				CLANG_WARN_DEPRECATED_OBJC_IMPLEMENTATIONS = YES;
				CLANG_WARN_DIRECT_OBJC_ISA_USAGE = YES_ERROR;
				CLANG_WARN_DOCUMENTATION_COMMENTS = YES;
				CLANG_WARN_EMPTY_BODY = YES;
				CLANG_WARN_ENUM_CONVERSION = YES;
				CLANG_WARN_INFINITE_RECURSION = YES;
				CLANG_WARN_INT_CONVERSION = YES;
				CLANG_WARN_NON_LITERAL_NULL_CONVERSION = YES;
				CLANG_WARN_OBJC_IMPLICIT_RETAIN_SELF = YES;
				CLANG_WARN_OBJC_LITERAL_CONVERSION = YES;
				CLANG_WARN_OBJC_ROOT_CLASS = YES_ERROR;
				CLANG_WARN_QUOTED_INCLUDE_IN_FRAMEWORK_HEADER = YES;
				CLANG_WARN_RANGE_LOOP_ANALYSIS = YES;
				CLANG_WARN_STRICT_PROTOTYPES = YES;
				CLANG_WARN_SUSPICIOUS_MOVE = YES;
				CLANG_WARN_UNGUARDED_AVAILABILITY = YES_AGGRESSIVE;
				CLANG_WARN_UNREACHABLE_CODE = YES;
				CLANG_WARN__DUPLICATE_METHOD_MATCH = YES;
				COPY_PHASE_STRIP = NO;
				DEBUG_INFORMATION_FORMAT = "dwarf-with-dsym";
				ENABLE_NS_ASSERTIONS = NO;
				ENABLE_STRICT_OBJC_MSGSEND = YES;
				ENABLE_USER_SCRIPT_SANDBOXING = YES;
				GCC_C_LANGUAGE_STANDARD = gnu17;
				GCC_NO_COMMON_BLOCKS = YES;
				GCC_WARN_64_TO_32_BIT_CONVERSION = YES;
				GCC_WARN_ABOUT_RETURN_TYPE = YES_ERROR;
				GCC_WARN_UNDECLARED_SELECTOR = YES;
				GCC_WARN_UNINITIALIZED_AUTOS = YES_AGGRESSIVE;
				GCC_WARN_UNUSED_FUNCTION = YES;
				GCC_WARN_UNUSED_VARIABLE = YES;
				LOCALIZATION_PREFERS_STRING_CATALOGS = YES;
				MACOSX_DEPLOYMENT_TARGET = 14.5;
				MTL_ENABLE_DEBUG_INFO = NO;
				MTL_FAST_MATH = YES;
				SDKROOT = macosx;
				SWIFT_COMPILATION_MODE = wholemodule;
			};
			name = Release;
		};
		56B1C4E82C42ED75007C6ECB /* Debug */ = {
			isa = XCBuildConfiguration;
			buildSettings = {
				ASSETCATALOG_COMPILER_APPICON_NAME = AppIcon;
				ASSETCATALOG_COMPILER_GLOBAL_ACCENT_COLOR_NAME = AccentColor;
				CODE_SIGN_ENTITLEMENTS = FrameView/FrameView.entitlements;
				CODE_SIGN_STYLE = Automatic;
				COMBINE_HIDPI_IMAGES = YES;
				CURRENT_PROJECT_VERSION = 1;
				DEVELOPMENT_TEAM = CF264WE69M;
				ENABLE_HARDENED_RUNTIME = YES;
				GENERATE_INFOPLIST_FILE = YES;
				INFOPLIST_FILE = FrameView/Info.plist;
				INFOPLIST_KEY_NSHumanReadableCopyright = "";
				INFOPLIST_KEY_NSMainNibFile = MainMenu;
				INFOPLIST_KEY_NSPrincipalClass = NSApplication;
				LD_RUNPATH_SEARCH_PATHS = (
					"$(inherited)",
					"@executable_path/../Frameworks",
				);
				MARKETING_VERSION = 1.0;
				PRODUCT_BUNDLE_IDENTIFIER = com.blinky.FrameView;
				PRODUCT_NAME = "$(TARGET_NAME)";
				SWIFT_EMIT_LOC_STRINGS = YES;
				SWIFT_VERSION = 5.0;
			};
			name = Debug;
		};
		56B1C4E92C42ED75007C6ECB /* Release */ = {
			isa = XCBuildConfiguration;
			buildSettings = {
				ASSETCATALOG_COMPILER_APPICON_NAME = AppIcon;
				ASSETCATALOG_COMPILER_GLOBAL_ACCENT_COLOR_NAME = AccentColor;
				CODE_SIGN_ENTITLEMENTS = FrameView/FrameView.entitlements;
				CODE_SIGN_STYLE = Automatic;
				COMBINE_HIDPI_IMAGES = YES;
				CURRENT_PROJECT_VERSION = 1;
				DEVELOPMENT_TEAM = CF264WE69M;
				ENABLE_HARDENED_RUNTIME = YES;
				GENERATE_INFOPLIST_FILE = YES;
				INFOPLIST_FILE = FrameView/Info.plist;
				INFOPLIST_KEY_NSHumanReadableCopyright = "";
				INFOPLIST_KEY_NSMainNibFile = MainMenu;
				INFOPLIST_KEY_NSPrincipalClass = NSApplication;
				LD_RUNPATH_SEARCH_PATHS = (
					"$(inherited)",
					"@executable_path/../Frameworks",
				);
				MARKETING_VERSION = 1.0;
				PRODUCT_BUNDLE_IDENTIFIER = com.blinky.FrameView;
				PRODUCT_NAME = "$(TARGET_NAME)";
				SWIFT_EMIT_LOC_STRINGS = YES;
				SWIFT_VERSION = 5.0;
			};
			name = Release;
		};
/* End XCBuildConfiguration section */

/* Begin XCConfigurationList section */
		56B1C4CF2C42ED74007C6ECB /* Build configuration list for PBXProject "FrameView" */ = {
			isa = XCConfigurationList;
			buildConfigurations = (
				56B1C4E52C42ED75007C6ECB /* Debug */,
				56B1C4E62C42ED75007C6ECB /* Release */,
			);
			defaultConfigurationIsVisible = 0;
			defaultConfigurationName = Release;
		};
		56B1C4E72C42ED75007C6ECB /* Build configuration list for PBXNativeTarget "FrameView" */ = {
			isa = XCConfigurationList;
			buildConfigurations = (
				56B1C4E82C42ED75007C6ECB /* Debug */,
				56B1C4E92C42ED75007C6ECB /* Release */,
			);
			defaultConfigurationIsVisible = 0;
			defaultConfigurationName = Release;
		};
/* End XCConfigurationList section */
	};
	rootObject = 56B1C4CC2C42ED74007C6ECB /* Project object */;
}
